<Solution>
  <Folder Name="/src/" />
  <Folder Name="/src/Modules/">
    <Project Path="src/Modules/ProniaModular.Modules.Products/ProniaModular.Modules.Products.csproj" />
  </Folder>
  <Project Path="ProniaModular.Api/ProniaModular.Api.csproj">
    <BuildDependency Project="src/Modules/ProniaModular.Modules.Products/ProniaModular.Modules.Products.csproj" />
  </Project>
</Solution>
